{
  "name": "cucumberautocomplete-client",
  "version": "3.0.5",
  "lockfileVersion": 2,
  "requires": true,
  "packages": {
    "": {
      "name": "cucumberautocomplete-client",
      "version": "3.0.5",
      "license": "MIT",
      "devDependencies": {
        "coc.nvim": "^0.0.83-next.18"
      },
      "engines": {
        "coc": "^0.0.82"
      }
    },
    "node_modules/@types/node": {
      "version": "16.18.101",
      "resolved": "https://registry.npmjs.org/@types/node/-/node-16.18.101.tgz",
      "integrity": "sha512-AAsx9Rgz2IzG8KJ6tXd6ndNkVcu+GYB6U/SnFAaokSPNx2N7dcIIfnighYUNumvj6YS2q39Dejz5tT0NCV7CWA==",
      "dev": true,
      "license": "MIT",
      "peer": true
    },
    "node_modules/coc.nvim": {
      "version": "0.0.83-next.18",
      "resolved": "https://registry.npmjs.org/coc.nvim/-/coc.nvim-0.0.83-next.18.tgz",
      "integrity": "sha512-BZ1a+lnvQ/l7WzoRy97oYubDnYkX+vyAN2GhrKzWMc4d8YujOcOCjaeRv6Ogn7Bvoc5rM9X88CPuOoE0iP1ceQ==",
      "dev": true,
      "license": "MIT",
      "engines": {
        "node": ">=16.18.0"
      },
      "funding": {
        "type": "opencollective",
        "url": "https://opencollective.com/cocnvim"
      },
      "peerDependencies": {
        "@types/node": "^16.18.0"
      }
    }
  },
  "dependencies": {
    "@types/node": {
      "version": "16.18.101",
      "resolved": "https://registry.npmjs.org/@types/node/-/node-16.18.101.tgz",
      "integrity": "sha512-AAsx9Rgz2IzG8KJ6tXd6ndNkVcu+GYB6U/SnFAaokSPNx2N7dcIIfnighYUNumvj6YS2q39Dejz5tT0NCV7CWA==",
      "dev": true,
      "peer": true
    },
    "coc.nvim": {
      "version": "0.0.83-next.18",
      "resolved": "https://registry.npmjs.org/coc.nvim/-/coc.nvim-0.0.83-next.18.tgz",
      "integrity": "sha512-BZ1a+lnvQ/l7WzoRy97oYubDnYkX+vyAN2GhrKzWMc4d8YujOcOCjaeRv6Ogn7Bvoc5rM9X88CPuOoE0iP1ceQ==",
      "dev": true,
      "requires": {}
    }
  }
}
